<?xml version="1.0" encoding="utf-8"?>
<Project ToolsVersion="4.0" xmlns="http://schemas.microsoft.com/developer/msbuild/2003">
  <ItemGroup>
    <Filter Include="Source Files"/>
    <Filter Include="Source Files\include"/>
  </ItemGroup>
  <ItemGroup>
    <ClInclude Include="autoversion.h">
      <Filter>Source Files</Filter>
    </ClInclude>
    <ClInclude Include="BlueClasses.h">
      <Filter>Source Files</Filter>
    </ClInclude>
    <ClInclude Include="BlueLuaThunkers.h">
      <Filter>Source Files</Filter>
    </ClInclude>
    <ClInclude Include="BlueLuaWrapper.h">
      <Filter>Source Files</Filter>
    </ClInclude>
    <ClInclude Include="BluePythonThunkers.h">
      <Filter>Source Files</Filter>
    </ClInclude>
    <ClInclude Include="BluePyWrap.h">
      <Filter>Source Files</Filter>
    </ClInclude>
    <ClInclude Include="Copier.h">
      <Filter>Source Files</Filter>
    </ClInclude>
    <ClInclude Include="Find.h">
      <Filter>Source Files</Filter>
    </ClInclude>
    <ClInclude Include="TypeInfo.h">
      <Filter>Source Files</Filter>
    </ClInclude>
    <ClInclude Include="include\BlueCallFunction.h">
      <Filter>Source Files\include</Filter>
    </ClInclude>
    <ClInclude Include="include\BlueCallFunctionHelpers.h">
      <Filter>Source Files\include</Filter>
    </ClInclude>
    <ClInclude Include="include\BlueCallFunctionWithBeResult.h">
      <Filter>Source Files\include</Filter>
    </ClInclude>
    <ClInclude Include="include\BlueClass.h">
      <Filter>Source Files\include</Filter>
    </ClInclude>
    <ClInclude Include="include\BlueDict.h">
      <Filter>Source Files\include</Filter>
    </ClInclude>
    <ClInclude Include="include\BlueExposure.h">
      <Filter>Source Files\include</Filter>
    </ClInclude>
    <ClInclude Include="include\BlueExposureHelpers.h">
      <Filter>Source Files\include</Filter>
    </ClInclude>
    <ClInclude Include="include\BlueExposureHelpersLua.h">
      <Filter>Source Files\include</Filter>
    </ClInclude>
    <ClInclude Include="include\BlueExposureHelpersPython.h">
      <Filter>Source Files\include</Filter>
    </ClInclude>
    <ClInclude Include="include\BlueExposureMacros.h">
      <Filter>Source Files\include</Filter>
    </ClInclude>
    <ClInclude Include="include\BlueExposureMacrosDeprecated.h">
      <Filter>Source Files\include</Filter>
    </ClInclude>
    <ClInclude Include="include\BlueExposureMacrosLua.h">
      <Filter>Source Files\include</Filter>
    </ClInclude>
    <ClInclude Include="include\BlueExposureMacrosPython.h">
      <Filter>Source Files\include</Filter>
    </ClInclude>
    <ClInclude Include="include\BlueExtractArgument.h">
      <Filter>Source Files\include</Filter>
    </ClInclude>
    <ClInclude Include="include\BlueExtractArgumentLua.h">
      <Filter>Source Files\include</Filter>
    </ClInclude>
    <ClInclude Include="include\BlueExtractArgumentPython.h">
      <Filter>Source Files\include</Filter>
    </ClInclude>
    <ClInclude Include="include\BlueFunctionTraits.h">
      <Filter>Source Files\include</Filter>
    </ClInclude>
    <ClInclude Include="include\BlueListUtil.h">
      <Filter>Source Files\include</Filter>
    </ClInclude>
    <ClInclude Include="include\BlueMemberFunctionAsCallable.h">
      <Filter>Source Files\include</Filter>
    </ClInclude>
    <ClInclude Include="include\BlueMemberFunctionTraits.h">
      <Filter>Source Files\include</Filter>
    </ClInclude>
    <ClInclude Include="include\BlueMemberIterator.h">
      <Filter>Source Files\include</Filter>
    </ClInclude>
    <ClInclude Include="include\BluePythonObject.h">
      <Filter>Source Files\include</Filter>
    </ClInclude>
    <ClInclude Include="include\BlueRegistration.h">
      <Filter>Source Files\include</Filter>
    </ClInclude>
    <ClInclude Include="include\BlueScriptCallback.h">
      <Filter>Source Files\include</Filter>
    </ClInclude>
    <ClInclude Include="include\BlueScriptValue.h">
      <Filter>Source Files\include</Filter>
    </ClInclude>
    <ClInclude Include="include\BlueSharedString.h">
      <Filter>Source Files\include</Filter>
    </ClInclude>
    <ClInclude Include="include\BlueSmartPtr.h">
      <Filter>Source Files\include</Filter>
    </ClInclude>
    <ClInclude Include="include\BlueSmartPy.h">
      <Filter>Source Files\include</Filter>
    </ClInclude>
    <ClInclude Include="include\BlueStringTable.h">
      <Filter>Source Files\include</Filter>
    </ClInclude>
    <ClInclude Include="include\BlueStructureList.h">
      <Filter>Source Files\include</Filter>
    </ClInclude>
    <ClInclude Include="include\BlueTypes.h">
      <Filter>Source Files\include</Filter>
    </ClInclude>
    <ClInclude Include="include\BlueTypeTraits.h">
      <Filter>Source Files\include</Filter>
    </ClInclude>
    <ClInclude Include="include\BlueUtil.h">
      <Filter>Source Files\include</Filter>
    </ClInclude>
    <ClInclude Include="include\BlueVectorTypes.h">
      <Filter>Source Files\include</Filter>
    </ClInclude>
    <ClInclude Include="include\BlueWeakRef.h">
      <Filter>Source Files\include</Filter>
    </ClInclude>
    <ClInclude Include="include\BlueWrapReturnValue.h">
      <Filter>Source Files\include</Filter>
    </ClInclude>
    <ClInclude Include="include\BlueWrapReturnValueLua.h">
      <Filter>Source Files\include</Filter>
    </ClInclude>
    <ClInclude Include="include\BlueWrapReturnValuePython.h">
      <Filter>Source Files\include</Filter>
    </ClInclude>
    <ClInclude Include="include\IBlueClasses.h">
      <Filter>Source Files\include</Filter>
    </ClInclude>
    <ClInclude Include="include\IBlueDict.h">
      <Filter>Source Files\include</Filter>
    </ClInclude>
    <ClInclude Include="include\IBlueRtti.h">
      <Filter>Source Files\include</Filter>
    </ClInclude>
    <ClInclude Include="include\IBlueStructureList.h">
      <Filter>Source Files\include</Filter>
    </ClInclude>
    <ClInclude Include="include\ICopier.h">
      <Filter>Source Files\include</Filter>
    </ClInclude>
    <ClInclude Include="include\ICustomPersist.h">
      <Filter>Source Files\include</Filter>
    </ClInclude>
    <ClInclude Include="include\IInitialize.h">
      <Filter>Source Files\include</Filter>
    </ClInclude>
    <ClInclude Include="include\IList.h">
      <Filter>Source Files\include</Filter>
    </ClInclude>
    <ClInclude Include="include\INotify.h">
      <Filter>Source Files\include</Filter>
    </ClInclude>
    <ClInclude Include="include\IPythonMethods.h">
      <Filter>Source Files\include</Filter>
    </ClInclude>
    <ClInclude Include="include\IPythonNumeric.h">
      <Filter>Source Files\include</Filter>
    </ClInclude>
    <ClInclude Include="include\PythonKlass.h">
      <Filter>Source Files\include</Filter>
    </ClInclude>
    <ClInclude Include="include\StringBeResult.h">
      <Filter>Source Files\include</Filter>
    </ClInclude>
    <ClInclude Include="include\StringConversions.h">
      <Filter>Source Files\include</Filter>
    </ClInclude>
    <ClCompile Include="BlueClasses.cpp">
      <Filter>Source Files</Filter>
    </ClCompile>
    <ClCompile Include="BlueClasses_Blue.cpp">
      <Filter>Source Files</Filter>
    </ClCompile>
    <ClCompile Include="BlueExposure.cpp">
      <Filter>Source Files</Filter>
    </ClCompile>
    <ClCompile Include="BlueExtractArgument.cpp">
      <Filter>Source Files</Filter>
    </ClCompile>
    <ClCompile Include="BlueExtractArgumentLua.cpp">
      <Filter>Source Files</Filter>
    </ClCompile>
    <ClCompile Include="BlueListUtil.cpp">
      <Filter>Source Files</Filter>
    </ClCompile>
    <ClCompile Include="BlueLuaThunkers.cpp">
      <Filter>Source Files</Filter>
    </ClCompile>
    <ClCompile Include="BlueLuaWrapper.cpp">
      <Filter>Source Files</Filter>
    </ClCompile>
    <ClCompile Include="BlueMemberIterator.cpp">
      <Filter>Source Files</Filter>
    </ClCompile>
    <ClCompile Include="BluePythonThunkers.cpp">
      <Filter>Source Files</Filter>
    </ClCompile>
    <ClCompile Include="BluePyWrap.cpp">
      <Filter>Source Files</Filter>
    </ClCompile>
    <ClCompile Include="BlueRegistration.cpp">
      <Filter>Source Files</Filter>
    </ClCompile>
    <ClCompile Include="BlueRegistrationLua.cpp">
      <Filter>Source Files</Filter>
    </ClCompile>
    <ClCompile Include="BlueRegistrationPython.cpp">
      <Filter>Source Files</Filter>
    </ClCompile>
    <ClCompile Include="BlueScriptCallback.cpp">
      <Filter>Source Files</Filter>
    </ClCompile>
    <ClCompile Include="BlueSharedString.cpp">
      <Filter>Source Files</Filter>
    </ClCompile>
    <ClCompile Include="BlueStructureList.cpp">
      <Filter>Source Files</Filter>
    </ClCompile>
    <ClCompile Include="BlueTypes.cpp">
      <Filter>Source Files</Filter>
    </ClCompile>
    <ClCompile Include="BlueUtil.cpp">
      <Filter>Source Files</Filter>
    </ClCompile>
    <ClCompile Include="Copier.cpp">
      <Filter>Source Files</Filter>
    </ClCompile>
    <ClCompile Include="Copier_Blue.cpp">
      <Filter>Source Files</Filter>
    </ClCompile>
    <ClCompile Include="Find.cpp">
      <Filter>Source Files</Filter>
    </ClCompile>
    <ClCompile Include="InterfaceDefinitions.cpp">
      <Filter>Source Files</Filter>
    </ClCompile>
    <ClCompile Include="PythonKlass.cpp">
      <Filter>Source Files</Filter>
    </ClCompile>
    <ClCompile Include="StringConversions.cpp">
      <Filter>Source Files</Filter>
    </ClCompile>
    <ClCompile Include="TypeInfo.cpp">
      <Filter>Source Files</Filter>
    </ClCompile>
  </ItemGroup>
</Project>
